<?xml version="1.0" encoding="UTF-8" standalone="yes" ?>
<CodeBlocks_project_file>
	<FileVersion major="1" minor="6" />
	<Project>
		<Option title="Lys-imgui" />
		<Option pch_mode="2" />
		<Option compiler="msys2" />
		<Build>
			<Target title="Debug">
				<Option output="../../../build/Debug/Lys-imgui" prefix_auto="1" extension_auto="1" />
				<Option working_dir="../../../build/Debug" />
				<Option object_output="obj/Debug/" />
				<Option type="3" />
				<Option compiler="msys2" />
				<Option createDefFile="1" />
				<Option createStaticLib="1" />
				<Compiler>
					<Add option="-Wall" />
					<Add option="-g" />
					<Add option="-DBUILD_DLL" />
				</Compiler>
			</Target>
			<Target title="Release">
				<Option output="../../../build/Release/Lys-imgui" prefix_auto="1" extension_auto="1" />
				<Option working_dir="../../../build/Release" />
				<Option object_output="obj/Release/" />
				<Option type="3" />
				<Option compiler="msys2" />
				<Option createDefFile="1" />
				<Option createStaticLib="1" />
				<Compiler>
					<Add option="-O2" />
					<Add option="-Wall" />
					<Add option="-DBUILD_DLL" />
				</Compiler>
				<Linker>
					<Add option="-s" />
				</Linker>
			</Target>
		</Build>
		<Compiler>
			<Add option="-w" />
			<Add option="-fPIC" />
			<Add option="-m64" />
			<Add option="-DLYS_USE_IMGUI" />
			<Add option="-DIMGUI_SFML_SHARED_LIB" />
			<Add option="-DIMGUI_SFML_EXPORTS" />
			<Add directory="../../../include" />
			<Add directory="../../../submodules/imgui-sfml" />
			<Add directory="../../../submodules/imgui" />
			<Add directory="../../../submodules/TinyXML_Boosted/Sources" />
		</Compiler>
		<Linker>
			<Add option="-m64" />
			<Add option="[[" />
			<Add option='print(&quot;-lsfml-system &quot;);' />
			<Add option='print(&quot;-lsfml-window &quot;);' />
			<Add option='print(&quot;-lsfml-graphics &quot;);' />
			<Add option='print(&quot;-lsfml-audio &quot;);' />
			<Add option='print(&quot;-lsfml-network &quot;);' />
			<Add option="if(PLATFORM == PLATFORM_MSW) {" />
			<Add option='print(&quot;-lopengl32 &quot;);' />
			<Add option='print(&quot;-lglu32 &quot;);' />
			<Add option='print(&quot;-luser32 &quot;);' />
			<Add option="}" />
			<Add option="else if(PLATFORM == PLATFORM_GTK) {" />
			<Add option='print(&quot;-lGL &quot;);' />
			<Add option="};" />
			<Add option="]]" />
		</Linker>
		<Unit filename="../../../submodules/imgui-sfml/imconfig-SFML.h" />
		<Unit filename="../../../submodules/imgui-sfml/imgui-SFML.cpp" />
		<Unit filename="../../../submodules/imgui-sfml/imgui-SFML.h" />
		<Unit filename="../../../submodules/imgui-sfml/imgui-SFML_export.h" />
		<Unit filename="../../../submodules/imgui/imconfig.h" />
		<Unit filename="../../../submodules/imgui/imgui.cpp" />
		<Unit filename="../../../submodules/imgui/imgui.h" />
		<Unit filename="../../../submodules/imgui/imgui_demo.cpp" />
		<Unit filename="../../../submodules/imgui/imgui_draw.cpp" />
		<Unit filename="../../../submodules/imgui/imgui_internal.h" />
		<Unit filename="../../../submodules/imgui/imgui_tables.cpp" />
		<Unit filename="../../../submodules/imgui/imgui_widgets.cpp" />
		<Unit filename="../../../submodules/imgui/imstb_rectpack.h" />
		<Unit filename="../../../submodules/imgui/imstb_textedit.h" />
		<Unit filename="../../../submodules/imgui/imstb_truetype.h" />
		<Unit filename="../../../submodules/imgui/misc/cpp/imgui_stdlib.cpp" />
		<Unit filename="../../../submodules/imgui/misc/cpp/imgui_stdlib.h" />
		<Extensions>
			<lib_finder disable_auto="1" />
		</Extensions>
	</Project>
</CodeBlocks_project_file>
