<?xml version="1.0" encoding="UTF-8" standalone="yes" ?>
<CodeBlocks_project_file>
	<FileVersion major="1" minor="6" />
	<Project>
		<Option title="Lys-core" />
		<Option pch_mode="2" />
		<Option compiler="msys2" />
		<Build>
			<Target title="Debug">
				<Option output="../../../build/Debug/Lys-core" prefix_auto="1" extension_auto="1" />
				<Option object_output="obj/Debug/" />
				<Option type="2" />
				<Option compiler="msys2" />
				<Option createDefFile="1" />
				<Option createStaticLib="1" />
				<Compiler>
					<Add option="-Wall" />
					<Add option="-g" />
					<Add option="-DBUILD_DLL" />
				</Compiler>
				<Linker>
					<Add directory="../../../build/Debug" />
				</Linker>
			</Target>
			<Target title="Release">
				<Option output="../../../build/Release/Lys-core" prefix_auto="1" extension_auto="1" />
				<Option object_output="obj/Release/" />
				<Option type="2" />
				<Option compiler="msys2" />
				<Option createDefFile="1" />
				<Option createStaticLib="1" />
				<Compiler>
					<Add option="-O2" />
					<Add option="-Wall" />
					<Add option="-DBUILD_DLL" />
				</Compiler>
				<Linker>
					<Add option="-s" />
					<Add directory="../../../build/Release" />
				</Linker>
			</Target>
		</Build>
		<Compiler>
			<Add option="-DLYS_USE_IMGUI" />
			<Add directory="../../../include" />
			<Add directory="../../../submodules/imgui-sfml" />
			<Add directory="../../../submodules/imgui" />
			<Add directory="../../../submodules/TinyXML_Boosted/Sources" />
		</Compiler>
		<Linker>
			<Add library="sfml-system" />
			<Add library="sfml-window" />
			<Add library="sfml-graphics" />
			<Add library="sfml-audio" />
			<Add library="sfml-network" />
			<Add library="opengl32" />
			<Add library="user32" />
			<Add directory="C:/Users/Janniere Sylvain/Documents/GitHub/SFML_Fork/Build/lib" />
		</Linker>
		<Unit filename="../../../include/Lys/Core/Core.hpp" />
		<Unit filename="../../../include/Lys/Core/FormatHelpers.hpp" />
		<Unit filename="../../../include/Lys/Core/Singleton.hpp" />
		<Unit filename="../../../Source/Lys/Core/Singleton_Private.cpp" />
		<Extensions>
			<lib_finder disable_auto="1" />
		</Extensions>
	</Project>
</CodeBlocks_project_file>
