<?xml version="1.0" encoding="UTF-8" standalone="yes" ?>
<CodeBlocks_project_file>
	<FileVersion major="1" minor="6" />
	<Project>
		<Option title="Lys-xml" />
		<Option pch_mode="2" />
		<Option compiler="msys2" />
		<Build>
			<Target title="Debug">
				<Option output="../../../build/Debug/Lys-xml" prefix_auto="1" extension_auto="1" />
				<Option working_dir="../../../build/Debug" />
				<Option object_output="obj/Debug/" />
				<Option type="3" />
				<Option compiler="msys2" />
				<Option createDefFile="1" />
				<Option createStaticLib="1" />
				<Compiler>
					<Add option="-Wall" />
					<Add option="-DBUILD_DLL" />
					<Add option="-g" />
				</Compiler>
				<Linker>
					<Add library="user32" />
					<Add directory="../../../build/Debug" />
				</Linker>
			</Target>
			<Target title="Release">
				<Option output="../../../build/Release/Lys-xml" prefix_auto="1" extension_auto="1" />
				<Option working_dir="../../../build/Release" />
				<Option object_output="obj/Release/" />
				<Option type="3" />
				<Option compiler="msys2" />
				<Option createDefFile="1" />
				<Option createStaticLib="1" />
				<Compiler>
					<Add option="-Wall" />
					<Add option="-DBUILD_DLL" />
					<Add option="-O2" />
				</Compiler>
				<Linker>
					<Add option="-s" />
					<Add library="user32" />
					<Add directory="../../../build/Release" />
				</Linker>
			</Target>
		</Build>
		<Compiler>
			<Add option="-DLYS_USE_IMGUI" />
			<Add option="-DLYS_BUILD_DLL" />
			<Add directory="../../../include" />
			<Add directory="../../../submodules/imgui-sfml" />
			<Add directory="../../../submodules/imgui" />
			<Add directory="../../../submodules/TinyXML_Boosted/Sources" />
		</Compiler>
		<Linker>
			<Add library="Lys-imgui" />
		</Linker>
		<Unit filename="../../../submodules/TinyXML_Boosted/Sources/XMLFileLoader.cpp" />
		<Unit filename="../../../submodules/TinyXML_Boosted/Sources/XMLFileLoader.hpp" />
		<Unit filename="../../../submodules/TinyXML_Boosted/Sources/tinystr.cpp" />
		<Unit filename="../../../submodules/TinyXML_Boosted/Sources/tinystr.h" />
		<Unit filename="../../../submodules/TinyXML_Boosted/Sources/tinyxml.cpp" />
		<Unit filename="../../../submodules/TinyXML_Boosted/Sources/tinyxml.h" />
		<Unit filename="../../../submodules/TinyXML_Boosted/Sources/tinyxmlerror.cpp" />
		<Unit filename="../../../submodules/TinyXML_Boosted/Sources/tinyxmlparser.cpp" />
		<Extensions>
			<lib_finder disable_auto="1" />
		</Extensions>
	</Project>
</CodeBlocks_project_file>
